// !$*UTF8*$!
{
	archiveVersion = 1;
	classes = {
	};
	objectVersion = 46;
	objects = {

/* Begin PBXBuildFile section */
		63B1A45CF31D8C7B20B180F1 /* Pods.framework in Frameworks */ = {isa = PBXBuildFile; fileRef = 1EFD12A2EEBE640CB7B37206 /* Pods.framework */; };
		9D070A761C69CFC1003DE60A /* DashboardCellView.swift in Sources */ = {isa = PBXBuildFile; fileRef = 9D070A751C69CFC1003DE60A /* DashboardCellView.swift */; };
		9D084FA81C73E37900481288 /* ButtonOutline.swift in Sources */ = {isa = PBXBuildFile; fileRef = 9D084FA71C73E37900481288 /* ButtonOutline.swift */; };
		9D1D9CD61C6B8DA9000232FA /* Post.swift in Sources */ = {isa = PBXBuildFile; fileRef = 9D1D9CD51C6B8DA9000232FA /* Post.swift */; };
		9D2A53361C6922B400543E9C /* WeightUpdateViewController.swift in Sources */ = {isa = PBXBuildFile; fileRef = 9D2A53351C6922B400543E9C /* WeightUpdateViewController.swift */; };
		9D52B0661C7B7D0C00687576 /* DateTools.swift in Sources */ = {isa = PBXBuildFile; fileRef = 9D52B0651C7B7D0C00687576 /* DateTools.swift */; };
		9D57DE881C6B9F4A0022A722 /* CreatePostViewController.swift in Sources */ = {isa = PBXBuildFile; fileRef = 9D57DE871C6B9F4A0022A722 /* CreatePostViewController.swift */; };
		9D5FE29C1C6122DD0023B040 /* AppDelegate.swift in Sources */ = {isa = PBXBuildFile; fileRef = 9D5FE29B1C6122DD0023B040 /* AppDelegate.swift */; };
		9D5FE2A31C6122DD0023B040 /* Assets.xcassets in Resources */ = {isa = PBXBuildFile; fileRef = 9D5FE2A21C6122DD0023B040 /* Assets.xcassets */; };
		9D5FE2A61C6122DD0023B040 /* LaunchScreen.storyboard in Resources */ = {isa = PBXBuildFile; fileRef = 9D5FE2A41C6122DD0023B040 /* LaunchScreen.storyboard */; };
		9D6E798E1C6C172200F76A78 /* CustomMessageCellView.swift in Sources */ = {isa = PBXBuildFile; fileRef = 9D6E798D1C6C172200F76A78 /* CustomMessageCellView.swift */; };
		9D6E79901C6C17D200F76A78 /* CustomMessageCell.xib in Resources */ = {isa = PBXBuildFile; fileRef = 9D6E798F1C6C17D200F76A78 /* CustomMessageCell.xib */; };
		9DAB93AD1C728ABE0058FC9B /* CircleProgressView.swift in Sources */ = {isa = PBXBuildFile; fileRef = 9DAB93AC1C728ABE0058FC9B /* CircleProgressView.swift */; };
		9DAB93AF1C728F090058FC9B /* LineProgressView.swift in Sources */ = {isa = PBXBuildFile; fileRef = 9DAB93AE1C728F090058FC9B /* LineProgressView.swift */; };
		9DAB93B11C72D4730058FC9B /* Extensions.swift in Sources */ = {isa = PBXBuildFile; fileRef = 9DAB93B01C72D4730058FC9B /* Extensions.swift */; };
		9DAB93B31C72E0BE0058FC9B /* DashboardCell.xib in Resources */ = {isa = PBXBuildFile; fileRef = 9DAB93B21C72E0BE0058FC9B /* DashboardCell.xib */; };
		9DB352AF1C73972000905E17 /* BasicButton.swift in Sources */ = {isa = PBXBuildFile; fileRef = 9DB352AE1C73972000905E17 /* BasicButton.swift */; };
		9DC72CC61C74C39500738701 /* Server.swift in Sources */ = {isa = PBXBuildFile; fileRef = 9DC72CC51C74C39500738701 /* Server.swift */; };
		9DCBF9AD1C7B587500EF7E0E /* Translator.swift in Sources */ = {isa = PBXBuildFile; fileRef = 9DCBF9AC1C7B587500EF7E0E /* Translator.swift */; };
		9DDF13721C614CF00024F643 /* Goal.swift in Sources */ = {isa = PBXBuildFile; fileRef = 9DDF136C1C614CF00024F643 /* Goal.swift */; };
		9DDF13741C614CF00024F643 /* SubGoal.swift in Sources */ = {isa = PBXBuildFile; fileRef = 9DDF136E1C614CF00024F643 /* SubGoal.swift */; };
		9DDF13751C614CF00024F643 /* Team.swift in Sources */ = {isa = PBXBuildFile; fileRef = 9DDF136F1C614CF00024F643 /* Team.swift */; };
		9DDF13811C614D410024F643 /* AchieveGoalViewController.swift in Sources */ = {isa = PBXBuildFile; fileRef = 9DDF13781C614D410024F643 /* AchieveGoalViewController.swift */; };
		9DDF13821C614D410024F643 /* CreateTeamViewController.swift in Sources */ = {isa = PBXBuildFile; fileRef = 9DDF13791C614D410024F643 /* CreateTeamViewController.swift */; };
		9DDF13831C614D410024F643 /* DashboardViewController.swift in Sources */ = {isa = PBXBuildFile; fileRef = 9DDF137A1C614D410024F643 /* DashboardViewController.swift */; };
		9DDF13841C614D410024F643 /* GoalTypeViewController.swift in Sources */ = {isa = PBXBuildFile; fileRef = 9DDF137B1C614D410024F643 /* GoalTypeViewController.swift */; };
		9DDF13851C614D410024F643 /* JoinTeamViewController.swift in Sources */ = {isa = PBXBuildFile; fileRef = 9DDF137C1C614D410024F643 /* JoinTeamViewController.swift */; };
		9DDF13861C614D410024F643 /* LoginViewController.swift in Sources */ = {isa = PBXBuildFile; fileRef = 9DDF137D1C614D410024F643 /* LoginViewController.swift */; };
		9DDF13871C614D410024F643 /* MilestoneViewController.swift in Sources */ = {isa = PBXBuildFile; fileRef = 9DDF137E1C614D410024F643 /* MilestoneViewController.swift */; };
		9DDF13881C614D410024F643 /* TeamSelectionViewController.swift in Sources */ = {isa = PBXBuildFile; fileRef = 9DDF137F1C614D410024F643 /* TeamSelectionViewController.swift */; };
		9DDF13891C614D410024F643 /* WeightGoalViewController.swift in Sources */ = {isa = PBXBuildFile; fileRef = 9DDF13801C614D410024F643 /* WeightGoalViewController.swift */; };
		9DDF138B1C614D4F0024F643 /* Main.storyboard in Resources */ = {isa = PBXBuildFile; fileRef = 9DDF138A1C614D4F0024F643 /* Main.storyboard */; };
		9DDF138D1C614DBB0024F643 /* RegisterViewController.swift in Sources */ = {isa = PBXBuildFile; fileRef = 9DDF138C1C614DBB0024F643 /* RegisterViewController.swift */; };
		9DDF13911C615A4F0024F643 /* User.swift in Sources */ = {isa = PBXBuildFile; fileRef = 9DDF13901C615A4F0024F643 /* User.swift */; };
		9DEE9FBF1C646704001BC4C3 /* TeamUser.swift in Sources */ = {isa = PBXBuildFile; fileRef = 9DEE9FBE1C646704001BC4C3 /* TeamUser.swift */; };
		9DFD9D341CBBF44B0076140E /* BaseViewController.swift in Sources */ = {isa = PBXBuildFile; fileRef = 9DFD9D301CBBF44B0076140E /* BaseViewController.swift */; };
		9DFD9D361CBBF44B0076140E /* MenuViewController.swift in Sources */ = {isa = PBXBuildFile; fileRef = 9DFD9D321CBBF44B0076140E /* MenuViewController.swift */; };
		9DFD9D3C1CBC23920076140E /* UpdateProfileViewController.swift in Sources */ = {isa = PBXBuildFile; fileRef = 9DFD9D3B1CBC23920076140E /* UpdateProfileViewController.swift */; };
		9DFD9D3E1CBC23A20076140E /* ChangeWeightGoalViewController.swift in Sources */ = {isa = PBXBuildFile; fileRef = 9DFD9D3D1CBC23A20076140E /* ChangeWeightGoalViewController.swift */; };
		9DFD9D401CBC23AF0076140E /* SwitchTeamViewController.swift in Sources */ = {isa = PBXBuildFile; fileRef = 9DFD9D3F1CBC23AF0076140E /* SwitchTeamViewController.swift */; };
/* End PBXBuildFile section */

/* Begin PBXFileReference section */
		1EFD12A2EEBE640CB7B37206 /* Pods.framework */ = {isa = PBXFileReference; explicitFileType = wrapper.framework; includeInIndex = 0; path = Pods.framework; sourceTree = BUILT_PRODUCTS_DIR; };
		9D070A751C69CFC1003DE60A /* DashboardCellView.swift */ = {isa = PBXFileReference; fileEncoding = 4; lastKnownFileType = sourcecode.swift; path = DashboardCellView.swift; sourceTree = "<group>"; };
		9D084FA71C73E37900481288 /* ButtonOutline.swift */ = {isa = PBXFileReference; fileEncoding = 4; lastKnownFileType = sourcecode.swift; path = ButtonOutline.swift; sourceTree = "<group>"; };
		9D15160B1C61257100BF42D8 /* teamwork-Bridging-Header.h */ = {isa = PBXFileReference; lastKnownFileType = sourcecode.c.h; path = "teamwork-Bridging-Header.h"; sourceTree = "<group>"; };
		9D1D9CD51C6B8DA9000232FA /* Post.swift */ = {isa = PBXFileReference; fileEncoding = 4; lastKnownFileType = sourcecode.swift; path = Post.swift; sourceTree = "<group>"; };
		9D2A53351C6922B400543E9C /* WeightUpdateViewController.swift */ = {isa = PBXFileReference; fileEncoding = 4; lastKnownFileType = sourcecode.swift; path = WeightUpdateViewController.swift; sourceTree = "<group>"; };
		9D52B0651C7B7D0C00687576 /* DateTools.swift */ = {isa = PBXFileReference; fileEncoding = 4; lastKnownFileType = sourcecode.swift; path = DateTools.swift; sourceTree = "<group>"; };
		9D57DE871C6B9F4A0022A722 /* CreatePostViewController.swift */ = {isa = PBXFileReference; fileEncoding = 4; lastKnownFileType = sourcecode.swift; path = CreatePostViewController.swift; sourceTree = "<group>"; };
		9D5FE2981C6122DD0023B040 /* teamwork.app */ = {isa = PBXFileReference; explicitFileType = wrapper.application; includeInIndex = 0; path = teamwork.app; sourceTree = BUILT_PRODUCTS_DIR; };
		9D5FE29B1C6122DD0023B040 /* AppDelegate.swift */ = {isa = PBXFileReference; lastKnownFileType = sourcecode.swift; path = AppDelegate.swift; sourceTree = "<group>"; };
		9D5FE2A21C6122DD0023B040 /* Assets.xcassets */ = {isa = PBXFileReference; lastKnownFileType = folder.assetcatalog; path = Assets.xcassets; sourceTree = "<group>"; };
		9D5FE2A51C6122DD0023B040 /* Base */ = {isa = PBXFileReference; lastKnownFileType = file.storyboard; name = Base; path = Base.lproj/LaunchScreen.storyboard; sourceTree = "<group>"; };
		9D5FE2A71C6122DD0023B040 /* Info.plist */ = {isa = PBXFileReference; lastKnownFileType = text.plist.xml; path = Info.plist; sourceTree = "<group>"; };
		9D6E798D1C6C172200F76A78 /* CustomMessageCellView.swift */ = {isa = PBXFileReference; fileEncoding = 4; lastKnownFileType = sourcecode.swift; path = CustomMessageCellView.swift; sourceTree = "<group>"; };
		9D6E798F1C6C17D200F76A78 /* CustomMessageCell.xib */ = {isa = PBXFileReference; fileEncoding = 4; lastKnownFileType = file.xib; path = CustomMessageCell.xib; sourceTree = "<group>"; };
		9DAB93AC1C728ABE0058FC9B /* CircleProgressView.swift */ = {isa = PBXFileReference; fileEncoding = 4; lastKnownFileType = sourcecode.swift; path = CircleProgressView.swift; sourceTree = "<group>"; };
		9DAB93AE1C728F090058FC9B /* LineProgressView.swift */ = {isa = PBXFileReference; fileEncoding = 4; lastKnownFileType = sourcecode.swift; path = LineProgressView.swift; sourceTree = "<group>"; };
		9DAB93B01C72D4730058FC9B /* Extensions.swift */ = {isa = PBXFileReference; fileEncoding = 4; lastKnownFileType = sourcecode.swift; path = Extensions.swift; sourceTree = "<group>"; };
		9DAB93B21C72E0BE0058FC9B /* DashboardCell.xib */ = {isa = PBXFileReference; fileEncoding = 4; lastKnownFileType = file.xib; path = DashboardCell.xib; sourceTree = "<group>"; };
		9DB352AE1C73972000905E17 /* BasicButton.swift */ = {isa = PBXFileReference; fileEncoding = 4; lastKnownFileType = sourcecode.swift; path = BasicButton.swift; sourceTree = "<group>"; };
		9DC72CC51C74C39500738701 /* Server.swift */ = {isa = PBXFileReference; fileEncoding = 4; lastKnownFileType = sourcecode.swift; path = Server.swift; sourceTree = "<group>"; };
		9DCBF9AC1C7B587500EF7E0E /* Translator.swift */ = {isa = PBXFileReference; fileEncoding = 4; lastKnownFileType = sourcecode.swift; path = Translator.swift; sourceTree = "<group>"; };
		9DDF136C1C614CF00024F643 /* Goal.swift */ = {isa = PBXFileReference; fileEncoding = 4; lastKnownFileType = sourcecode.swift; path = Goal.swift; sourceTree = "<group>"; };
		9DDF136E1C614CF00024F643 /* SubGoal.swift */ = {isa = PBXFileReference; fileEncoding = 4; lastKnownFileType = sourcecode.swift; path = SubGoal.swift; sourceTree = "<group>"; };
		9DDF136F1C614CF00024F643 /* Team.swift */ = {isa = PBXFileReference; fileEncoding = 4; lastKnownFileType = sourcecode.swift; path = Team.swift; sourceTree = "<group>"; };
		9DDF13781C614D410024F643 /* AchieveGoalViewController.swift */ = {isa = PBXFileReference; fileEncoding = 4; lastKnownFileType = sourcecode.swift; path = AchieveGoalViewController.swift; sourceTree = "<group>"; };
		9DDF13791C614D410024F643 /* CreateTeamViewController.swift */ = {isa = PBXFileReference; fileEncoding = 4; lastKnownFileType = sourcecode.swift; path = CreateTeamViewController.swift; sourceTree = "<group>"; };
		9DDF137A1C614D410024F643 /* DashboardViewController.swift */ = {isa = PBXFileReference; fileEncoding = 4; lastKnownFileType = sourcecode.swift; path = DashboardViewController.swift; sourceTree = "<group>"; };
		9DDF137B1C614D410024F643 /* GoalTypeViewController.swift */ = {isa = PBXFileReference; fileEncoding = 4; lastKnownFileType = sourcecode.swift; path = GoalTypeViewController.swift; sourceTree = "<group>"; };
		9DDF137C1C614D410024F643 /* JoinTeamViewController.swift */ = {isa = PBXFileReference; fileEncoding = 4; lastKnownFileType = sourcecode.swift; path = JoinTeamViewController.swift; sourceTree = "<group>"; };
		9DDF137D1C614D410024F643 /* LoginViewController.swift */ = {isa = PBXFileReference; fileEncoding = 4; lastKnownFileType = sourcecode.swift; path = LoginViewController.swift; sourceTree = "<group>"; };
		9DDF137E1C614D410024F643 /* MilestoneViewController.swift */ = {isa = PBXFileReference; fileEncoding = 4; lastKnownFileType = sourcecode.swift; path = MilestoneViewController.swift; sourceTree = "<group>"; };
		9DDF137F1C614D410024F643 /* TeamSelectionViewController.swift */ = {isa = PBXFileReference; fileEncoding = 4; lastKnownFileType = sourcecode.swift; path = TeamSelectionViewController.swift; sourceTree = "<group>"; };
		9DDF13801C614D410024F643 /* WeightGoalViewController.swift */ = {isa = PBXFileReference; fileEncoding = 4; lastKnownFileType = sourcecode.swift; path = WeightGoalViewController.swift; sourceTree = "<group>"; };
		9DDF138A1C614D4F0024F643 /* Main.storyboard */ = {isa = PBXFileReference; fileEncoding = 4; lastKnownFileType = file.storyboard; path = Main.storyboard; sourceTree = "<group>"; };
		9DDF138C1C614DBB0024F643 /* RegisterViewController.swift */ = {isa = PBXFileReference; fileEncoding = 4; lastKnownFileType = sourcecode.swift; path = RegisterViewController.swift; sourceTree = "<group>"; };
		9DDF13901C615A4F0024F643 /* User.swift */ = {isa = PBXFileReference; fileEncoding = 4; lastKnownFileType = sourcecode.swift; path = User.swift; sourceTree = "<group>"; };
		9DEE9FBE1C646704001BC4C3 /* TeamUser.swift */ = {isa = PBXFileReference; fileEncoding = 4; lastKnownFileType = sourcecode.swift; path = TeamUser.swift; sourceTree = "<group>"; };
		9DFD9D301CBBF44B0076140E /* BaseViewController.swift */ = {isa = PBXFileReference; fileEncoding = 4; lastKnownFileType = sourcecode.swift; path = BaseViewController.swift; sourceTree = "<group>"; };
		9DFD9D321CBBF44B0076140E /* MenuViewController.swift */ = {isa = PBXFileReference; fileEncoding = 4; lastKnownFileType = sourcecode.swift; path = MenuViewController.swift; sourceTree = "<group>"; };
		9DFD9D3B1CBC23920076140E /* UpdateProfileViewController.swift */ = {isa = PBXFileReference; fileEncoding = 4; lastKnownFileType = sourcecode.swift; path = UpdateProfileViewController.swift; sourceTree = "<group>"; };
		9DFD9D3D1CBC23A20076140E /* ChangeWeightGoalViewController.swift */ = {isa = PBXFileReference; fileEncoding = 4; lastKnownFileType = sourcecode.swift; path = ChangeWeightGoalViewController.swift; sourceTree = "<group>"; };
		9DFD9D3F1CBC23AF0076140E /* SwitchTeamViewController.swift */ = {isa = PBXFileReference; fileEncoding = 4; lastKnownFileType = sourcecode.swift; path = SwitchTeamViewController.swift; sourceTree = "<group>"; };
		A541D46EAA1B4FF8B480FF78 /* Pods.release.xcconfig */ = {isa = PBXFileReference; includeInIndex = 1; lastKnownFileType = text.xcconfig; name = Pods.release.xcconfig; path = "Pods/Target Support Files/Pods/Pods.release.xcconfig"; sourceTree = "<group>"; };
		CAFA339D81023BA12ED77659 /* Pods.debug.xcconfig */ = {isa = PBXFileReference; includeInIndex = 1; lastKnownFileType = text.xcconfig; name = Pods.debug.xcconfig; path = "Pods/Target Support Files/Pods/Pods.debug.xcconfig"; sourceTree = "<group>"; };
/* End PBXFileReference section */

/* Begin PBXFrameworksBuildPhase section */
		9D5FE2951C6122DD0023B040 /* Frameworks */ = {
			isa = PBXFrameworksBuildPhase;
			buildActionMask = 2147483647;
			files = (
				63B1A45CF31D8C7B20B180F1 /* Pods.framework in Frameworks */,
			);
			runOnlyForDeploymentPostprocessing = 0;
		};
/* End PBXFrameworksBuildPhase section */

/* Begin PBXGroup section */
		018440E0BD220C7E87B2A8B8 /* Frameworks */ = {
			isa = PBXGroup;
			children = (
				1EFD12A2EEBE640CB7B37206 /* Pods.framework */,
			);
			name = Frameworks;
			sourceTree = "<group>";
		};
		603827B74EB4D09FE23979E9 /* Pods */ = {
			isa = PBXGroup;
			children = (
				CAFA339D81023BA12ED77659 /* Pods.debug.xcconfig */,
				A541D46EAA1B4FF8B480FF78 /* Pods.release.xcconfig */,
			);
			name = Pods;
			sourceTree = "<group>";
		};
		9D5FE28F1C6122DD0023B040 = {
			isa = PBXGroup;
			children = (
				9D5FE29A1C6122DD0023B040 /* teamwork */,
				9D5FE2991C6122DD0023B040 /* Products */,
				603827B74EB4D09FE23979E9 /* Pods */,
				018440E0BD220C7E87B2A8B8 /* Frameworks */,
			);
			sourceTree = "<group>";
		};
		9D5FE2991C6122DD0023B040 /* Products */ = {
			isa = PBXGroup;
			children = (
				9D5FE2981C6122DD0023B040 /* teamwork.app */,
			);
			name = Products;
			sourceTree = "<group>";
		};
		9D5FE29A1C6122DD0023B040 /* teamwork */ = {
			isa = PBXGroup;
			children = (
				9DDF13321C614AC80024F643 /* Model */,
				9DDF13311C614AC20024F643 /* View */,
				9DDF13301C614AB80024F643 /* Controller */,
				9DDF132F1C614AB20024F643 /* Assets */,
			);
			path = teamwork;
			sourceTree = "<group>";
		};
		9DDF132F1C614AB20024F643 /* Assets */ = {
			isa = PBXGroup;
			children = (
				9D5FE2A21C6122DD0023B040 /* Assets.xcassets */,
				9D5FE2A41C6122DD0023B040 /* LaunchScreen.storyboard */,
				9D5FE2A71C6122DD0023B040 /* Info.plist */,
				9D15160B1C61257100BF42D8 /* teamwork-Bridging-Header.h */,
			);
			name = Assets;
			sourceTree = "<group>";
		};
		9DDF13301C614AB80024F643 /* Controller */ = {
			isa = PBXGroup;
			children = (
				9DFD9D381CBBF7710076140E /* Drawer */,
				9D5FE29B1C6122DD0023B040 /* AppDelegate.swift */,
				9DDF137D1C614D410024F643 /* LoginViewController.swift */,
				9DDF138C1C614DBB0024F643 /* RegisterViewController.swift */,
				9DDF137F1C614D410024F643 /* TeamSelectionViewController.swift */,
				9DDF13791C614D410024F643 /* CreateTeamViewController.swift */,
				9DDF137C1C614D410024F643 /* JoinTeamViewController.swift */,
				9DDF137B1C614D410024F643 /* GoalTypeViewController.swift */,
				9DDF13801C614D410024F643 /* WeightGoalViewController.swift */,
				9DDF13781C614D410024F643 /* AchieveGoalViewController.swift */,
				9DDF137A1C614D410024F643 /* DashboardViewController.swift */,
				9DDF137E1C614D410024F643 /* MilestoneViewController.swift */,
				9D2A53351C6922B400543E9C /* WeightUpdateViewController.swift */,
				9D57DE871C6B9F4A0022A722 /* CreatePostViewController.swift */,
				9DAB93B01C72D4730058FC9B /* Extensions.swift */,
				9DFD9D3B1CBC23920076140E /* UpdateProfileViewController.swift */,
				9DFD9D3D1CBC23A20076140E /* ChangeWeightGoalViewController.swift */,
				9DFD9D3F1CBC23AF0076140E /* SwitchTeamViewController.swift */,
			);
			name = Controller;
			sourceTree = "<group>";
		};
		9DDF13311C614AC20024F643 /* View */ = {
			isa = PBXGroup;
			children = (
				9DDF138A1C614D4F0024F643 /* Main.storyboard */,
				9D070A751C69CFC1003DE60A /* DashboardCellView.swift */,
				9DAB93B21C72E0BE0058FC9B /* DashboardCell.xib */,
				9D6E798D1C6C172200F76A78 /* CustomMessageCellView.swift */,
				9D6E798F1C6C17D200F76A78 /* CustomMessageCell.xib */,
				9DAB93AC1C728ABE0058FC9B /* CircleProgressView.swift */,
				9DAB93AE1C728F090058FC9B /* LineProgressView.swift */,
				9DB352AE1C73972000905E17 /* BasicButton.swift */,
				9D084FA71C73E37900481288 /* ButtonOutline.swift */,
			);
			name = View;
			sourceTree = "<group>";
		};
		9DDF13321C614AC80024F643 /* Model */ = {
			isa = PBXGroup;
			children = (
				9DDF13921C615A590024F643 /* Classes */,
				9DDF13931C615A6F0024F643 /* API */,
			);
			name = Model;
			sourceTree = "<group>";
		};
		9DDF13921C615A590024F643 /* Classes */ = {
			isa = PBXGroup;
			children = (
				9DDF136C1C614CF00024F643 /* Goal.swift */,
				9DDF13901C615A4F0024F643 /* User.swift */,
				9DDF136E1C614CF00024F643 /* SubGoal.swift */,
				9DDF136F1C614CF00024F643 /* Team.swift */,
				9DEE9FBE1C646704001BC4C3 /* TeamUser.swift */,
				9D1D9CD51C6B8DA9000232FA /* Post.swift */,
			);
			name = Classes;
			sourceTree = "<group>";
		};
		9DDF13931C615A6F0024F643 /* API */ = {
			isa = PBXGroup;
			children = (
				9DC72CC51C74C39500738701 /* Server.swift */,
				9DCBF9AC1C7B587500EF7E0E /* Translator.swift */,
				9D52B0651C7B7D0C00687576 /* DateTools.swift */,
			);
			name = API;
			sourceTree = "<group>";
		};
		9DFD9D381CBBF7710076140E /* Drawer */ = {
			isa = PBXGroup;
			children = (
				9DFD9D321CBBF44B0076140E /* MenuViewController.swift */,
				9DFD9D301CBBF44B0076140E /* BaseViewController.swift */,
			);
			name = Drawer;
			sourceTree = "<group>";
		};
/* End PBXGroup section */

/* Begin PBXNativeTarget section */
		9D5FE2971C6122DD0023B040 /* teamwork */ = {
			isa = PBXNativeTarget;
			buildConfigurationList = 9D5FE2AA1C6122DD0023B040 /* Build configuration list for PBXNativeTarget "teamwork" */;
			buildPhases = (
				F137671AE0D5F3543DA591D2 /* Check Pods Manifest.lock */,
				9D5FE2941C6122DD0023B040 /* Sources */,
				9D5FE2951C6122DD0023B040 /* Frameworks */,
				9D5FE2961C6122DD0023B040 /* Resources */,
				6C0AD9D448EDC143A2FC5B3E /* Embed Pods Frameworks */,
				681F25A1174062611170B149 /* Copy Pods Resources */,
			);
			buildRules = (
			);
			dependencies = (
			);
			name = teamwork;
			productName = teamwork;
			productReference = 9D5FE2981C6122DD0023B040 /* teamwork.app */;
			productType = "com.apple.product-type.application";
		};
/* End PBXNativeTarget section */

/* Begin PBXProject section */
		9D5FE2901C6122DD0023B040 /* Project object */ = {
			isa = PBXProject;
			attributes = {
				LastSwiftUpdateCheck = 0720;
				LastUpgradeCheck = 0720;
				ORGANIZATIONNAME = "Austin Bagley";
				TargetAttributes = {
					9D5FE2971C6122DD0023B040 = {
						CreatedOnToolsVersion = 7.2;
						DevelopmentTeam = UP8S528XY6;
					};
				};
			};
			buildConfigurationList = 9D5FE2931C6122DD0023B040 /* Build configuration list for PBXProject "teamwork" */;
			compatibilityVersion = "Xcode 3.2";
			developmentRegion = English;
			hasScannedForEncodings = 0;
			knownRegions = (
				en,
				Base,
			);
			mainGroup = 9D5FE28F1C6122DD0023B040;
			productRefGroup = 9D5FE2991C6122DD0023B040 /* Products */;
			projectDirPath = "";
			projectRoot = "";
			targets = (
				9D5FE2971C6122DD0023B040 /* teamwork */,
			);
		};
/* End PBXProject section */

/* Begin PBXResourcesBuildPhase section */
		9D5FE2961C6122DD0023B040 /* Resources */ = {
			isa = PBXResourcesBuildPhase;
			buildActionMask = 2147483647;
			files = (
				9D5FE2A61C6122DD0023B040 /* LaunchScreen.storyboard in Resources */,
				9D5FE2A31C6122DD0023B040 /* Assets.xcassets in Resources */,
				9DDF138B1C614D4F0024F643 /* Main.storyboard in Resources */,
				9DAB93B31C72E0BE0058FC9B /* DashboardCell.xib in Resources */,
				9D6E79901C6C17D200F76A78 /* CustomMessageCell.xib in Resources */,
			);
			runOnlyForDeploymentPostprocessing = 0;
		};
/* End PBXResourcesBuildPhase section */

/* Begin PBXShellScriptBuildPhase section */
		681F25A1174062611170B149 /* Copy Pods Resources */ = {
			isa = PBXShellScriptBuildPhase;
			buildActionMask = 2147483647;
			files = (
			);
			inputPaths = (
			);
			name = "Copy Pods Resources";
			outputPaths = (
			);
			runOnlyForDeploymentPostprocessing = 0;
			shellPath = /bin/sh;
			shellScript = "\"${SRCROOT}/Pods/Target Support Files/Pods/Pods-resources.sh\"\n";
			showEnvVarsInLog = 0;
		};
		6C0AD9D448EDC143A2FC5B3E /* Embed Pods Frameworks */ = {
			isa = PBXShellScriptBuildPhase;
			buildActionMask = 2147483647;
			files = (
			);
			inputPaths = (
			);
			name = "Embed Pods Frameworks";
			outputPaths = (
			);
			runOnlyForDeploymentPostprocessing = 0;
			shellPath = /bin/sh;
			shellScript = "\"${SRCROOT}/Pods/Target Support Files/Pods/Pods-frameworks.sh\"\n";
			showEnvVarsInLog = 0;
		};
		F137671AE0D5F3543DA591D2 /* Check Pods Manifest.lock */ = {
			isa = PBXShellScriptBuildPhase;
			buildActionMask = 2147483647;
			files = (
			);
			inputPaths = (
			);
			name = "Check Pods Manifest.lock";
			outputPaths = (
			);
			runOnlyForDeploymentPostprocessing = 0;
			shellPath = /bin/sh;
			shellScript = "diff \"${PODS_ROOT}/../Podfile.lock\" \"${PODS_ROOT}/Manifest.lock\" > /dev/null\nif [[ $? != 0 ]] ; then\n    cat << EOM\nerror: The sandbox is not in sync with the Podfile.lock. Run 'pod install' or update your CocoaPods installation.\nEOM\n    exit 1\nfi\n";
			showEnvVarsInLog = 0;
		};
/* End PBXShellScriptBuildPhase section */

/* Begin PBXSourcesBuildPhase section */
		9D5FE2941C6122DD0023B040 /* Sources */ = {
			isa = PBXSourcesBuildPhase;
			buildActionMask = 2147483647;
			files = (
				9DDF13721C614CF00024F643 /* Goal.swift in Sources */,
				9DDF13751C614CF00024F643 /* Team.swift in Sources */,
				9DDF13861C614D410024F643 /* LoginViewController.swift in Sources */,
				9DDF138D1C614DBB0024F643 /* RegisterViewController.swift in Sources */,
				9DAB93AF1C728F090058FC9B /* LineProgressView.swift in Sources */,
				9DFD9D341CBBF44B0076140E /* BaseViewController.swift in Sources */,
				9DDF13821C614D410024F643 /* CreateTeamViewController.swift in Sources */,
				9DFD9D361CBBF44B0076140E /* MenuViewController.swift in Sources */,
				9DDF13851C614D410024F643 /* JoinTeamViewController.swift in Sources */,
				9DB352AF1C73972000905E17 /* BasicButton.swift in Sources */,
				9D084FA81C73E37900481288 /* ButtonOutline.swift in Sources */,
				9D6E798E1C6C172200F76A78 /* CustomMessageCellView.swift in Sources */,
				9DC72CC61C74C39500738701 /* Server.swift in Sources */,
				9D070A761C69CFC1003DE60A /* DashboardCellView.swift in Sources */,
				9DDF13871C614D410024F643 /* MilestoneViewController.swift in Sources */,
				9D5FE29C1C6122DD0023B040 /* AppDelegate.swift in Sources */,
				9D2A53361C6922B400543E9C /* WeightUpdateViewController.swift in Sources */,
				9DDF13831C614D410024F643 /* DashboardViewController.swift in Sources */,
				9DFD9D3E1CBC23A20076140E /* ChangeWeightGoalViewController.swift in Sources */,
				9DDF13811C614D410024F643 /* AchieveGoalViewController.swift in Sources */,
				9DDF13881C614D410024F643 /* TeamSelectionViewController.swift in Sources */,
				9DDF13741C614CF00024F643 /* SubGoal.swift in Sources */,
				9D57DE881C6B9F4A0022A722 /* CreatePostViewController.swift in Sources */,
				9DCBF9AD1C7B587500EF7E0E /* Translator.swift in Sources */,
				9DDF13841C614D410024F643 /* GoalTypeViewController.swift in Sources */,
				9D52B0661C7B7D0C00687576 /* DateTools.swift in Sources */,
				9DEE9FBF1C646704001BC4C3 /* TeamUser.swift in Sources */,
				9D1D9CD61C6B8DA9000232FA /* Post.swift in Sources */,
				9DFD9D3C1CBC23920076140E /* UpdateProfileViewController.swift in Sources */,
				9DDF13891C614D410024F643 /* WeightGoalViewController.swift in Sources */,
				9DAB93AD1C728ABE0058FC9B /* CircleProgressView.swift in Sources */,
				9DFD9D401CBC23AF0076140E /* SwitchTeamViewController.swift in Sources */,
				9DAB93B11C72D4730058FC9B /* Extensions.swift in Sources */,
				9DDF13911C615A4F0024F643 /* User.swift in Sources */,
			);
			runOnlyForDeploymentPostprocessing = 0;
		};
/* End PBXSourcesBuildPhase section */

/* Begin PBXVariantGroup section */
		9D5FE2A41C6122DD0023B040 /* LaunchScreen.storyboard */ = {
			isa = PBXVariantGroup;
			children = (
				9D5FE2A51C6122DD0023B040 /* Base */,
			);
			name = LaunchScreen.storyboard;
			sourceTree = "<group>";
		};
/* End PBXVariantGroup section */

/* Begin XCBuildConfiguration section */
		9D5FE2A81C6122DD0023B040 /* Debug */ = {
			isa = XCBuildConfiguration;
			buildSettings = {
				ALWAYS_SEARCH_USER_PATHS = NO;
				CLANG_CXX_LANGUAGE_STANDARD = "gnu++0x";
				CLANG_CXX_LIBRARY = "libc++";
				CLANG_ENABLE_MODULES = YES;
				CLANG_ENABLE_OBJC_ARC = YES;
				CLANG_WARN_BOOL_CONVERSION = YES;
				CLANG_WARN_CONSTANT_CONVERSION = YES;
				CLANG_WARN_DIRECT_OBJC_ISA_USAGE = YES_ERROR;
				CLANG_WARN_EMPTY_BODY = YES;
				CLANG_WARN_ENUM_CONVERSION = YES;
				CLANG_WARN_INT_CONVERSION = YES;
				CLANG_WARN_OBJC_ROOT_CLASS = YES_ERROR;
				CLANG_WARN_UNREACHABLE_CODE = YES;
				CLANG_WARN__DUPLICATE_METHOD_MATCH = YES;
				"CODE_SIGN_IDENTITY[sdk=iphoneos*]" = "iPhone Developer";
				COPY_PHASE_STRIP = NO;
				DEBUG_INFORMATION_FORMAT = dwarf;
				ENABLE_STRICT_OBJC_MSGSEND = YES;
				ENABLE_TESTABILITY = YES;
				GCC_C_LANGUAGE_STANDARD = gnu99;
				GCC_DYNAMIC_NO_PIC = NO;
				GCC_NO_COMMON_BLOCKS = YES;
				GCC_OPTIMIZATION_LEVEL = 0;
				GCC_PREPROCESSOR_DEFINITIONS = (
					"DEBUG=1",
					"$(inherited)",
				);
				GCC_WARN_64_TO_32_BIT_CONVERSION = YES;
				GCC_WARN_ABOUT_RETURN_TYPE = YES_ERROR;
				GCC_WARN_UNDECLARED_SELECTOR = YES;
				GCC_WARN_UNINITIALIZED_AUTOS = YES_AGGRESSIVE;
				GCC_WARN_UNUSED_FUNCTION = YES;
				GCC_WARN_UNUSED_VARIABLE = YES;
				IPHONEOS_DEPLOYMENT_TARGET = 9.2;
				MTL_ENABLE_DEBUG_INFO = YES;
				ONLY_ACTIVE_ARCH = YES;
				SDKROOT = iphoneos;
				SWIFT_OPTIMIZATION_LEVEL = "-Onone";
			};
			name = Debug;
		};
		9D5FE2A91C6122DD0023B040 /* Release */ = {
			isa = XCBuildConfiguration;
			buildSettings = {
				ALWAYS_SEARCH_USER_PATHS = NO;
				CLANG_CXX_LANGUAGE_STANDARD = "gnu++0x";
				CLANG_CXX_LIBRARY = "libc++";
				CLANG_ENABLE_MODULES = YES;
				CLANG_ENABLE_OBJC_ARC = YES;
				CLANG_WARN_BOOL_CONVERSION = YES;
				CLANG_WARN_CONSTANT_CONVERSION = YES;
				CLANG_WARN_DIRECT_OBJC_ISA_USAGE = YES_ERROR;
				CLANG_WARN_EMPTY_BODY = YES;
				CLANG_WARN_ENUM_CONVERSION = YES;
				CLANG_WARN_INT_CONVERSION = YES;
				CLANG_WARN_OBJC_ROOT_CLASS = YES_ERROR;
				CLANG_WARN_UNREACHABLE_CODE = YES;
				CLANG_WARN__DUPLICATE_METHOD_MATCH = YES;
				"CODE_SIGN_IDENTITY[sdk=iphoneos*]" = "iPhone Developer";
				COPY_PHASE_STRIP = NO;
				DEBUG_INFORMATION_FORMAT = "dwarf-with-dsym";
				ENABLE_NS_ASSERTIONS = NO;
				ENABLE_STRICT_OBJC_MSGSEND = YES;
				GCC_C_LANGUAGE_STANDARD = gnu99;
				GCC_NO_COMMON_BLOCKS = YES;
				GCC_WARN_64_TO_32_BIT_CONVERSION = YES;
				GCC_WARN_ABOUT_RETURN_TYPE = YES_ERROR;
				GCC_WARN_UNDECLARED_SELECTOR = YES;
				GCC_WARN_UNINITIALIZED_AUTOS = YES_AGGRESSIVE;
				GCC_WARN_UNUSED_FUNCTION = YES;
				GCC_WARN_UNUSED_VARIABLE = YES;
				IPHONEOS_DEPLOYMENT_TARGET = 9.2;
				MTL_ENABLE_DEBUG_INFO = NO;
				SDKROOT = iphoneos;
				VALIDATE_PRODUCT = YES;
			};
			name = Release;
		};
		9D5FE2AB1C6122DD0023B040 /* Debug */ = {
			isa = XCBuildConfiguration;
			baseConfigurationReference = CAFA339D81023BA12ED77659 /* Pods.debug.xcconfig */;
			buildSettings = {
				ASSETCATALOG_COMPILER_APPICON_NAME = AppIcon;
				CLANG_ENABLE_MODULES = YES;
				CODE_SIGN_IDENTITY = "iPhone Developer";
				"CODE_SIGN_IDENTITY[sdk=iphoneos*]" = "iPhone Developer";
				INFOPLIST_FILE = teamwork/Info.plist;
				IPHONEOS_DEPLOYMENT_TARGET = 9.1;
				LD_RUNPATH_SEARCH_PATHS = "$(inherited) @executable_path/Frameworks";
				PRODUCT_BUNDLE_IDENTIFIER = com.abagley.teamwork;
				PRODUCT_NAME = "$(TARGET_NAME)";
				PROVISIONING_PROFILE = "";
				SWIFT_OBJC_BRIDGING_HEADER = "teamwork/teamwork-Bridging-Header.h";
				SWIFT_OPTIMIZATION_LEVEL = "-Onone";
			};
			name = Debug;
		};
		9D5FE2AC1C6122DD0023B040 /* Release */ = {
			isa = XCBuildConfiguration;
			baseConfigurationReference = A541D46EAA1B4FF8B480FF78 /* Pods.release.xcconfig */;
			buildSettings = {
				ASSETCATALOG_COMPILER_APPICON_NAME = AppIcon;
				CLANG_ENABLE_MODULES = YES;
				CODE_SIGN_IDENTITY = "iPhone Developer";
				"CODE_SIGN_IDENTITY[sdk=iphoneos*]" = "iPhone Developer";
				INFOPLIST_FILE = teamwork/Info.plist;
				IPHONEOS_DEPLOYMENT_TARGET = 9.1;
				LD_RUNPATH_SEARCH_PATHS = "$(inherited) @executable_path/Frameworks";
				PRODUCT_BUNDLE_IDENTIFIER = com.abagley.teamwork;
				PRODUCT_NAME = "$(TARGET_NAME)";
				PROVISIONING_PROFILE = "";
				SWIFT_OBJC_BRIDGING_HEADER = "teamwork/teamwork-Bridging-Header.h";
			};
			name = Release;
		};
/* End XCBuildConfiguration section */

/* Begin XCConfigurationList section */
		9D5FE2931C6122DD0023B040 /* Build configuration list for PBXProject "teamwork" */ = {
			isa = XCConfigurationList;
			buildConfigurations = (
				9D5FE2A81C6122DD0023B040 /* Debug */,
				9D5FE2A91C6122DD0023B040 /* Release */,
			);
			defaultConfigurationIsVisible = 0;
			defaultConfigurationName = Release;
		};
		9D5FE2AA1C6122DD0023B040 /* Build configuration list for PBXNativeTarget "teamwork" */ = {
			isa = XCConfigurationList;
			buildConfigurations = (
				9D5FE2AB1C6122DD0023B040 /* Debug */,
				9D5FE2AC1C6122DD0023B040 /* Release */,
			);
			defaultConfigurationIsVisible = 0;
			defaultConfigurationName = Release;
		};
/* End XCConfigurationList section */
	};
	rootObject = 9D5FE2901C6122DD0023B040 /* Project object */;
}
